dependencies:
  espressif/mdns:
    component_hash: af6306fe65d637a3683d1cf671508fcedd6b05f9ca029a8815abeab64001fb8d
    source:
      service_url: https://api.components.espressif.com/
      type: service
    version: 1.4.0
  idf:
    component_hash: null
    source:
      type: idf
    version: 5.3.1
  joltwallet/littlefs:
    component_hash: 362f1f5beb5087b0c60169aff82676d2d0ffc991ead975212b0cba95959181c5
    source:
      service_url: https://api.components.espressif.com/
      type: service
    version: 1.14.8
manifest_hash: 10a0966ac77d01bee39624cdf8012f35baf293140b1fe364cc549f38a5fcf2d5
target: esp32s3
version: 1.0.0
